
Microsoft Visual Studio Solution File, Format Version 12.00
# Visual Studio Version 17
VisualStudioVersion = 17.0.31903.59
MinimumVisualStudioVersion = 10.0.40219.1
Project("{2150E333-8FDC-42A3-9474-1A3956D46DE8}") = "src", "src", "{9E9980C9-561A-4404-8953-81F9E1A75CA6}"
EndProject
Project("{2150E333-8FDC-42A3-9474-1A3956D46DE8}") = "BuildingBlocks", "BuildingBlocks", "{7B07A325-335D-4B77-9659-88C05FD3ED47}"
EndProject
Project("{FAE04EC0-301F-11D3-BF4B-00C04F79EFBC}") = "PayFlow.SharedKernel", "src\BuildingBlocks\PayFlow.SharedKernel\PayFlow.SharedKernel.csproj", "{8D4E99F2-E73C-415F-AE76-19DB0D303721}"
EndProject
Project("{2150E333-8FDC-42A3-9474-1A3956D46DE8}") = "tests", "tests", "{A83C0B6C-2842-4F58-8AF4-F0370E53E1F0}"
EndProject
Project("{2150E333-8FDC-42A3-9474-1A3956D46DE8}") = "BuildingBlocks", "BuildingBlocks", "{1076D34A-7535-4FC9-A44C-1E916A659ACA}"
EndProject
Project("{FAE04EC0-301F-11D3-BF4B-00C04F79EFBC}") = "PayFlow.SharedKernel.UnitTests", "tests\BuildingBlocks\PayFlow.SharedKernel.UnitTests\PayFlow.SharedKernel.UnitTests.csproj", "{77EACBCB-73DC-4A6C-8D7D-9CCA18957DD0}"
EndProject
Project("{FAE04EC0-301F-11D3-BF4B-00C04F79EFBC}") = "PayFlow.Observability", "src\BuildingBlocks\PayFlow.Observability\PayFlow.Observability.csproj", "{BDB6778A-F8F6-4B50-BA77-A3015EB581B1}"
EndProject
Project("{FAE04EC0-301F-11D3-BF4B-00C04F79EFBC}") = "PayFlow.Observability.UnitTests", "tests\BuildingBlocks\PayFlow.Observability.UnitTests\PayFlow.Observability.UnitTests.csproj", "{182CE403-8711-41F4-ADF4-163E675F6A51}"
EndProject
Project("{2150E333-8FDC-42A3-9474-1A3956D46DE8}") = "ApiGateway", "ApiGateway", "{DE450DF8-A463-4107-8A3A-AF06E6DC189C}"
EndProject
Project("{FAE04EC0-301F-11D3-BF4B-00C04F79EFBC}") = "PayFlow.Gateway", "src\ApiGateway\PayFlow.Gateway\PayFlow.Gateway.csproj", "{1523EAD2-A98C-400C-8222-CB7D9C8BE973}"
EndProject
Project("{2150E333-8FDC-42A3-9474-1A3956D46DE8}") = "Services", "Services", "{9DF76550-37D7-4036-B501-0B78D594C51D}"
EndProject
Project("{2150E333-8FDC-42A3-9474-1A3956D46DE8}") = "Identity", "Identity", "{A848E437-78ED-4A72-BA62-D3906A9602E3}"
EndProject
Project("{FAE04EC0-301F-11D3-BF4B-00C04F79EFBC}") = "PayFlow.Identity.Domain", "src\Services\Identity\PayFlow.Identity.Domain\PayFlow.Identity.Domain.csproj", "{587E8C97-B2B1-4A45-A1C8-E18E67A0D8A3}"
EndProject
Project("{2150E333-8FDC-42A3-9474-1A3956D46DE8}") = "Services", "Services", "{BC169898-C38D-4774-8272-B11E25AFDC88}"
EndProject
Project("{FAE04EC0-301F-11D3-BF4B-00C04F79EFBC}") = "PayFlow.Identity.UnitTests", "tests\Services\PayFlow.Identity.UnitTests\PayFlow.Identity.UnitTests.csproj", "{12A8A746-DD94-4CDE-B2D1-970B6FB73DA2}"
EndProject
Project("{FAE04EC0-301F-11D3-BF4B-00C04F79EFBC}") = "PayFlow.Identity.Application", "src\Services\Identity\PayFlow.Identity.Application\PayFlow.Identity.Application.csproj", "{628908D1-BD84-4C44-8C66-489242214C6A}"
EndProject
Project("{FAE04EC0-301F-11D3-BF4B-00C04F79EFBC}") = "PayFlow.Identity.Infrastructure", "src\Services\Identity\PayFlow.Identity.Infrastructure\PayFlow.Identity.Infrastructure.csproj", "{EA37E987-EEA7-4B9B-9342-04CF302CC24F}"
EndProject
Project("{FAE04EC0-301F-11D3-BF4B-00C04F79EFBC}") = "PayFlow.Identity.API", "src\Services\Identity\PayFlow.Identity.API\PayFlow.Identity.API.csproj", "{2E580858-3A1C-4940-AC6B-18C7DE042805}"
EndProject
Project("{FAE04EC0-301F-11D3-BF4B-00C04F79EFBC}") = "PayFlow.Multitenancy", "src\BuildingBlocks\PayFlow.Multitenancy\PayFlow.Multitenancy.csproj", "{2EE768BA-F37D-453B-8E67-CAA3098304BB}"
EndProject
Project("{FAE04EC0-301F-11D3-BF4B-00C04F79EFBC}") = "PayFlow.Multitenancy.UnitTests", "tests\BuildingBlocks\PayFlow.Multitenancy.UnitTests\PayFlow.Multitenancy.UnitTests.csproj", "{A255F7C5-9239-45CC-AE65-758F7A175CDC}"
EndProject
Project("{FAE04EC0-301F-11D3-BF4B-00C04F79EFBC}") = "PayFlow.Identity.IntegrationTests", "tests\Services\PayFlow.Identity.IntegrationTests\PayFlow.Identity.IntegrationTests.csproj", "{1F42D9FD-703B-43F3-908D-02206A4119D0}"
EndProject
Project("{2150E333-8FDC-42A3-9474-1A3956D46DE8}") = "Payment", "Payment", "{FFE9534B-1906-4D47-99E6-400054C27BD5}"
EndProject
Project("{FAE04EC0-301F-11D3-BF4B-00C04F79EFBC}") = "PayFlow.Payment.Domain", "src\Services\Payment\PayFlow.Payment.Domain\PayFlow.Payment.Domain.csproj", "{0052ABE0-9D78-4AA3-B79D-C3637C38B3B7}"
EndProject
Project("{FAE04EC0-301F-11D3-BF4B-00C04F79EFBC}") = "PayFlow.Payment.UnitTests", "tests\Services\PayFlow.Payment.UnitTests\PayFlow.Payment.UnitTests.csproj", "{48A7B8C8-5A8F-4B69-B98C-DC029F005C19}"
EndProject
Project("{FAE04EC0-301F-11D3-BF4B-00C04F79EFBC}") = "PayFlow.Payment.Application", "src\Services\Payment\PayFlow.Payment.Application\PayFlow.Payment.Application.csproj", "{71894933-9B78-4023-8827-81A6867A810B}"
EndProject
Project("{FAE04EC0-301F-11D3-BF4B-00C04F79EFBC}") = "PayFlow.Payment.Infrastructure", "src\Services\Payment\PayFlow.Payment.Infrastructure\PayFlow.Payment.Infrastructure.csproj", "{1F9656A9-82F6-41F2-860F-E768EE2A29EB}"
EndProject
Project("{FAE04EC0-301F-11D3-BF4B-00C04F79EFBC}") = "PayFlow.Payment.API", "src\Services\Payment\PayFlow.Payment.API\PayFlow.Payment.API.csproj", "{CCA07EA4-B9EB-4460-87C4-2EC15413DA85}"
EndProject
Project("{2150E333-8FDC-42A3-9474-1A3956D46DE8}") = "Transaction", "Transaction", "{FF9EECB4-3D7B-446D-BEF7-8FAB57DDD5B2}"
EndProject
Project("{FAE04EC0-301F-11D3-BF4B-00C04F79EFBC}") = "PayFlow.Transaction.Domain", "src\Services\Transaction\PayFlow.Transaction.Domain\PayFlow.Transaction.Domain.csproj", "{EA8E3BBE-A63F-466D-908C-D14E44091583}"
EndProject
Project("{FAE04EC0-301F-11D3-BF4B-00C04F79EFBC}") = "PayFlow.Transaction.UnitTests", "tests\Services\PayFlow.Transaction.UnitTests\PayFlow.Transaction.UnitTests.csproj", "{D3C21A6D-374F-464A-ABC0-01E12C839848}"
EndProject
Project("{FAE04EC0-301F-11D3-BF4B-00C04F79EFBC}") = "PayFlow.Transaction.Application", "src\Services\Transaction\PayFlow.Transaction.Application\PayFlow.Transaction.Application.csproj", "{1BE11631-7E47-4DA4-B53A-C9CD47DA929E}"
EndProject
Project("{FAE04EC0-301F-11D3-BF4B-00C04F79EFBC}") = "PayFlow.Transaction.Infrastructure", "src\Services\Transaction\PayFlow.Transaction.Infrastructure\PayFlow.Transaction.Infrastructure.csproj", "{4E3114BC-7359-4B00-ACD7-341594823AC5}"
EndProject
Project("{FAE04EC0-301F-11D3-BF4B-00C04F79EFBC}") = "PayFlow.Transaction.API", "src\Services\Transaction\PayFlow.Transaction.API\PayFlow.Transaction.API.csproj", "{83A3C963-7810-49FE-B0ED-B8FBA3DDAD58}"
EndProject
Project("{FAE04EC0-301F-11D3-BF4B-00C04F79EFBC}") = "PayFlow.Outbox", "src\BuildingBlocks\PayFlow.Outbox\PayFlow.Outbox.csproj", "{8504DC4A-940A-4261-9921-DA644939DC0A}"
EndProject
Project("{FAE04EC0-301F-11D3-BF4B-00C04F79EFBC}") = "PayFlow.Outbox.UnitTests", "tests\BuildingBlocks\PayFlow.Outbox.UnitTests\PayFlow.Outbox.UnitTests.csproj", "{DF9EE711-51B1-4A9B-8FE7-991D689B6A08}"
EndProject
Project("{FAE04EC0-301F-11D3-BF4B-00C04F79EFBC}") = "PayFlow.EventBus.Kafka", "src\BuildingBlocks\PayFlow.EventBus.Kafka\PayFlow.EventBus.Kafka.csproj", "{B5DA1EFB-4953-4E4B-9BAC-2C89D58FB821}"
EndProject
Project("{FAE04EC0-301F-11D3-BF4B-00C04F79EFBC}") = "PayFlow.EventBus.Kafka.UnitTests", "tests\BuildingBlocks\PayFlow.EventBus.Kafka.UnitTests\PayFlow.EventBus.Kafka.UnitTests.csproj", "{3A9596FB-45E0-477C-B4FF-772E3DDB3736}"
EndProject
Project("{2150E333-8FDC-42A3-9474-1A3956D46DE8}") = "Reconciliation", "Reconciliation", "{30C7D3B4-9C83-4024-881A-64C20D8B766A}"
EndProject
Project("{FAE04EC0-301F-11D3-BF4B-00C04F79EFBC}") = "PayFlow.Reconciliation.Domain", "src\Services\Reconciliation\PayFlow.Reconciliation.Domain\PayFlow.Reconciliation.Domain.csproj", "{6581F992-C0B8-4214-8290-11B8B114F043}"
EndProject
Project("{FAE04EC0-301F-11D3-BF4B-00C04F79EFBC}") = "PayFlow.Reconciliation.Application", "src\Services\Reconciliation\PayFlow.Reconciliation.Application\PayFlow.Reconciliation.Application.csproj", "{E21A0CC3-DC1C-414E-8649-09C0D77A1F9A}"
EndProject
Project("{FAE04EC0-301F-11D3-BF4B-00C04F79EFBC}") = "PayFlow.Reconciliation.Infrastructure", "src\Services\Reconciliation\PayFlow.Reconciliation.Infrastructure\PayFlow.Reconciliation.Infrastructure.csproj", "{E1B30EB4-7B34-4C79-83A8-6E17183E78B8}"
EndProject
Project("{FAE04EC0-301F-11D3-BF4B-00C04F79EFBC}") = "PayFlow.Reconciliation.API", "src\Services\Reconciliation\PayFlow.Reconciliation.API\PayFlow.Reconciliation.API.csproj", "{0619FCF4-944B-4987-A494-169F1583180A}"
EndProject
Global
	GlobalSection(SolutionConfigurationPlatforms) = preSolution
		Debug|Any CPU = Debug|Any CPU
		Release|Any CPU = Release|Any CPU
	EndGlobalSection
	GlobalSection(SolutionProperties) = preSolution
		HideSolutionNode = FALSE
	EndGlobalSection
	GlobalSection(ProjectConfigurationPlatforms) = postSolution
		{8D4E99F2-E73C-415F-AE76-19DB0D303721}.Debug|Any CPU.ActiveCfg = Debug|Any CPU
		{8D4E99F2-E73C-415F-AE76-19DB0D303721}.Debug|Any CPU.Build.0 = Debug|Any CPU
		{8D4E99F2-E73C-415F-AE76-19DB0D303721}.Release|Any CPU.ActiveCfg = Release|Any CPU
		{8D4E99F2-E73C-415F-AE76-19DB0D303721}.Release|Any CPU.Build.0 = Release|Any CPU
		{77EACBCB-73DC-4A6C-8D7D-9CCA18957DD0}.Debug|Any CPU.ActiveCfg = Debug|Any CPU
		{77EACBCB-73DC-4A6C-8D7D-9CCA18957DD0}.Debug|Any CPU.Build.0 = Debug|Any CPU
		{77EACBCB-73DC-4A6C-8D7D-9CCA18957DD0}.Release|Any CPU.ActiveCfg = Release|Any CPU
		{77EACBCB-73DC-4A6C-8D7D-9CCA18957DD0}.Release|Any CPU.Build.0 = Release|Any CPU
		{BDB6778A-F8F6-4B50-BA77-A3015EB581B1}.Debug|Any CPU.ActiveCfg = Debug|Any CPU
		{BDB6778A-F8F6-4B50-BA77-A3015EB581B1}.Debug|Any CPU.Build.0 = Debug|Any CPU
		{BDB6778A-F8F6-4B50-BA77-A3015EB581B1}.Release|Any CPU.ActiveCfg = Release|Any CPU
		{BDB6778A-F8F6-4B50-BA77-A3015EB581B1}.Release|Any CPU.Build.0 = Release|Any CPU
		{182CE403-8711-41F4-ADF4-163E675F6A51}.Debug|Any CPU.ActiveCfg = Debug|Any CPU
		{182CE403-8711-41F4-ADF4-163E675F6A51}.Debug|Any CPU.Build.0 = Debug|Any CPU
		{182CE403-8711-41F4-ADF4-163E675F6A51}.Release|Any CPU.ActiveCfg = Release|Any CPU
		{182CE403-8711-41F4-ADF4-163E675F6A51}.Release|Any CPU.Build.0 = Release|Any CPU
		{1523EAD2-A98C-400C-8222-CB7D9C8BE973}.Debug|Any CPU.ActiveCfg = Debug|Any CPU
		{1523EAD2-A98C-400C-8222-CB7D9C8BE973}.Debug|Any CPU.Build.0 = Debug|Any CPU
		{1523EAD2-A98C-400C-8222-CB7D9C8BE973}.Release|Any CPU.ActiveCfg = Release|Any CPU
		{1523EAD2-A98C-400C-8222-CB7D9C8BE973}.Release|Any CPU.Build.0 = Release|Any CPU
		{587E8C97-B2B1-4A45-A1C8-E18E67A0D8A3}.Debug|Any CPU.ActiveCfg = Debug|Any CPU
		{587E8C97-B2B1-4A45-A1C8-E18E67A0D8A3}.Debug|Any CPU.Build.0 = Debug|Any CPU
		{587E8C97-B2B1-4A45-A1C8-E18E67A0D8A3}.Release|Any CPU.ActiveCfg = Release|Any CPU
		{587E8C97-B2B1-4A45-A1C8-E18E67A0D8A3}.Release|Any CPU.Build.0 = Release|Any CPU
		{12A8A746-DD94-4CDE-B2D1-970B6FB73DA2}.Debug|Any CPU.ActiveCfg = Debug|Any CPU
		{12A8A746-DD94-4CDE-B2D1-970B6FB73DA2}.Debug|Any CPU.Build.0 = Debug|Any CPU
		{12A8A746-DD94-4CDE-B2D1-970B6FB73DA2}.Release|Any CPU.ActiveCfg = Release|Any CPU
		{12A8A746-DD94-4CDE-B2D1-970B6FB73DA2}.Release|Any CPU.Build.0 = Release|Any CPU
		{628908D1-BD84-4C44-8C66-489242214C6A}.Debug|Any CPU.ActiveCfg = Debug|Any CPU
		{628908D1-BD84-4C44-8C66-489242214C6A}.Debug|Any CPU.Build.0 = Debug|Any CPU
		{628908D1-BD84-4C44-8C66-489242214C6A}.Release|Any CPU.ActiveCfg = Release|Any CPU
		{628908D1-BD84-4C44-8C66-489242214C6A}.Release|Any CPU.Build.0 = Release|Any CPU
		{EA37E987-EEA7-4B9B-9342-04CF302CC24F}.Debug|Any CPU.ActiveCfg = Debug|Any CPU
		{EA37E987-EEA7-4B9B-9342-04CF302CC24F}.Debug|Any CPU.Build.0 = Debug|Any CPU
		{EA37E987-EEA7-4B9B-9342-04CF302CC24F}.Release|Any CPU.ActiveCfg = Release|Any CPU
		{EA37E987-EEA7-4B9B-9342-04CF302CC24F}.Release|Any CPU.Build.0 = Release|Any CPU
		{2E580858-3A1C-4940-AC6B-18C7DE042805}.Debug|Any CPU.ActiveCfg = Debug|Any CPU
		{2E580858-3A1C-4940-AC6B-18C7DE042805}.Debug|Any CPU.Build.0 = Debug|Any CPU
		{2E580858-3A1C-4940-AC6B-18C7DE042805}.Release|Any CPU.ActiveCfg = Release|Any CPU
		{2E580858-3A1C-4940-AC6B-18C7DE042805}.Release|Any CPU.Build.0 = Release|Any CPU
		{2EE768BA-F37D-453B-8E67-CAA3098304BB}.Debug|Any CPU.ActiveCfg = Debug|Any CPU
		{2EE768BA-F37D-453B-8E67-CAA3098304BB}.Debug|Any CPU.Build.0 = Debug|Any CPU
		{2EE768BA-F37D-453B-8E67-CAA3098304BB}.Release|Any CPU.ActiveCfg = Release|Any CPU
		{2EE768BA-F37D-453B-8E67-CAA3098304BB}.Release|Any CPU.Build.0 = Release|Any CPU
		{A255F7C5-9239-45CC-AE65-758F7A175CDC}.Debug|Any CPU.ActiveCfg = Debug|Any CPU
		{A255F7C5-9239-45CC-AE65-758F7A175CDC}.Debug|Any CPU.Build.0 = Debug|Any CPU
		{A255F7C5-9239-45CC-AE65-758F7A175CDC}.Release|Any CPU.ActiveCfg = Release|Any CPU
		{A255F7C5-9239-45CC-AE65-758F7A175CDC}.Release|Any CPU.Build.0 = Release|Any CPU
		{1F42D9FD-703B-43F3-908D-02206A4119D0}.Debug|Any CPU.ActiveCfg = Debug|Any CPU
		{1F42D9FD-703B-43F3-908D-02206A4119D0}.Debug|Any CPU.Build.0 = Debug|Any CPU
		{1F42D9FD-703B-43F3-908D-02206A4119D0}.Release|Any CPU.ActiveCfg = Release|Any CPU
		{1F42D9FD-703B-43F3-908D-02206A4119D0}.Release|Any CPU.Build.0 = Release|Any CPU
		{0052ABE0-9D78-4AA3-B79D-C3637C38B3B7}.Debug|Any CPU.ActiveCfg = Debug|Any CPU
		{0052ABE0-9D78-4AA3-B79D-C3637C38B3B7}.Debug|Any CPU.Build.0 = Debug|Any CPU
		{0052ABE0-9D78-4AA3-B79D-C3637C38B3B7}.Release|Any CPU.ActiveCfg = Release|Any CPU
		{0052ABE0-9D78-4AA3-B79D-C3637C38B3B7}.Release|Any CPU.Build.0 = Release|Any CPU
		{48A7B8C8-5A8F-4B69-B98C-DC029F005C19}.Debug|Any CPU.ActiveCfg = Debug|Any CPU
		{48A7B8C8-5A8F-4B69-B98C-DC029F005C19}.Debug|Any CPU.Build.0 = Debug|Any CPU
		{48A7B8C8-5A8F-4B69-B98C-DC029F005C19}.Release|Any CPU.ActiveCfg = Release|Any CPU
		{48A7B8C8-5A8F-4B69-B98C-DC029F005C19}.Release|Any CPU.Build.0 = Release|Any CPU
		{71894933-9B78-4023-8827-81A6867A810B}.Debug|Any CPU.ActiveCfg = Debug|Any CPU
		{71894933-9B78-4023-8827-81A6867A810B}.Debug|Any CPU.Build.0 = Debug|Any CPU
		{71894933-9B78-4023-8827-81A6867A810B}.Release|Any CPU.ActiveCfg = Release|Any CPU
		{71894933-9B78-4023-8827-81A6867A810B}.Release|Any CPU.Build.0 = Release|Any CPU
		{1F9656A9-82F6-41F2-860F-E768EE2A29EB}.Debug|Any CPU.ActiveCfg = Debug|Any CPU
		{1F9656A9-82F6-41F2-860F-E768EE2A29EB}.Debug|Any CPU.Build.0 = Debug|Any CPU
		{1F9656A9-82F6-41F2-860F-E768EE2A29EB}.Release|Any CPU.ActiveCfg = Release|Any CPU
		{1F9656A9-82F6-41F2-860F-E768EE2A29EB}.Release|Any CPU.Build.0 = Release|Any CPU
		{CCA07EA4-B9EB-4460-87C4-2EC15413DA85}.Debug|Any CPU.ActiveCfg = Debug|Any CPU
		{CCA07EA4-B9EB-4460-87C4-2EC15413DA85}.Debug|Any CPU.Build.0 = Debug|Any CPU
		{CCA07EA4-B9EB-4460-87C4-2EC15413DA85}.Release|Any CPU.ActiveCfg = Release|Any CPU
		{CCA07EA4-B9EB-4460-87C4-2EC15413DA85}.Release|Any CPU.Build.0 = Release|Any CPU
		{EA8E3BBE-A63F-466D-908C-D14E44091583}.Debug|Any CPU.ActiveCfg = Debug|Any CPU
		{EA8E3BBE-A63F-466D-908C-D14E44091583}.Debug|Any CPU.Build.0 = Debug|Any CPU
		{EA8E3BBE-A63F-466D-908C-D14E44091583}.Release|Any CPU.ActiveCfg = Release|Any CPU
		{EA8E3BBE-A63F-466D-908C-D14E44091583}.Release|Any CPU.Build.0 = Release|Any CPU
		{D3C21A6D-374F-464A-ABC0-01E12C839848}.Debug|Any CPU.ActiveCfg = Debug|Any CPU
		{D3C21A6D-374F-464A-ABC0-01E12C839848}.Debug|Any CPU.Build.0 = Debug|Any CPU
		{D3C21A6D-374F-464A-ABC0-01E12C839848}.Release|Any CPU.ActiveCfg = Release|Any CPU
		{D3C21A6D-374F-464A-ABC0-01E12C839848}.Release|Any CPU.Build.0 = Release|Any CPU
		{1BE11631-7E47-4DA4-B53A-C9CD47DA929E}.Debug|Any CPU.ActiveCfg = Debug|Any CPU
		{1BE11631-7E47-4DA4-B53A-C9CD47DA929E}.Debug|Any CPU.Build.0 = Debug|Any CPU
		{1BE11631-7E47-4DA4-B53A-C9CD47DA929E}.Release|Any CPU.ActiveCfg = Release|Any CPU
		{1BE11631-7E47-4DA4-B53A-C9CD47DA929E}.Release|Any CPU.Build.0 = Release|Any CPU
		{4E3114BC-7359-4B00-ACD7-341594823AC5}.Debug|Any CPU.ActiveCfg = Debug|Any CPU
		{4E3114BC-7359-4B00-ACD7-341594823AC5}.Debug|Any CPU.Build.0 = Debug|Any CPU
		{4E3114BC-7359-4B00-ACD7-341594823AC5}.Release|Any CPU.ActiveCfg = Release|Any CPU
		{4E3114BC-7359-4B00-ACD7-341594823AC5}.Release|Any CPU.Build.0 = Release|Any CPU
		{83A3C963-7810-49FE-B0ED-B8FBA3DDAD58}.Debug|Any CPU.ActiveCfg = Debug|Any CPU
		{83A3C963-7810-49FE-B0ED-B8FBA3DDAD58}.Debug|Any CPU.Build.0 = Debug|Any CPU
		{83A3C963-7810-49FE-B0ED-B8FBA3DDAD58}.Release|Any CPU.ActiveCfg = Release|Any CPU
		{83A3C963-7810-49FE-B0ED-B8FBA3DDAD58}.Release|Any CPU.Build.0 = Release|Any CPU
		{8504DC4A-940A-4261-9921-DA644939DC0A}.Debug|Any CPU.ActiveCfg = Debug|Any CPU
		{8504DC4A-940A-4261-9921-DA644939DC0A}.Debug|Any CPU.Build.0 = Debug|Any CPU
		{8504DC4A-940A-4261-9921-DA644939DC0A}.Release|Any CPU.ActiveCfg = Release|Any CPU
		{8504DC4A-940A-4261-9921-DA644939DC0A}.Release|Any CPU.Build.0 = Release|Any CPU
		{DF9EE711-51B1-4A9B-8FE7-991D689B6A08}.Debug|Any CPU.ActiveCfg = Debug|Any CPU
		{DF9EE711-51B1-4A9B-8FE7-991D689B6A08}.Debug|Any CPU.Build.0 = Debug|Any CPU
		{DF9EE711-51B1-4A9B-8FE7-991D689B6A08}.Release|Any CPU.ActiveCfg = Release|Any CPU
		{DF9EE711-51B1-4A9B-8FE7-991D689B6A08}.Release|Any CPU.Build.0 = Release|Any CPU
		{B5DA1EFB-4953-4E4B-9BAC-2C89D58FB821}.Debug|Any CPU.ActiveCfg = Debug|Any CPU
		{B5DA1EFB-4953-4E4B-9BAC-2C89D58FB821}.Debug|Any CPU.Build.0 = Debug|Any CPU
		{B5DA1EFB-4953-4E4B-9BAC-2C89D58FB821}.Release|Any CPU.ActiveCfg = Release|Any CPU
		{B5DA1EFB-4953-4E4B-9BAC-2C89D58FB821}.Release|Any CPU.Build.0 = Release|Any CPU
		{3A9596FB-45E0-477C-B4FF-772E3DDB3736}.Debug|Any CPU.ActiveCfg = Debug|Any CPU
		{3A9596FB-45E0-477C-B4FF-772E3DDB3736}.Debug|Any CPU.Build.0 = Debug|Any CPU
		{3A9596FB-45E0-477C-B4FF-772E3DDB3736}.Release|Any CPU.ActiveCfg = Release|Any CPU
		{3A9596FB-45E0-477C-B4FF-772E3DDB3736}.Release|Any CPU.Build.0 = Release|Any CPU
		{6581F992-C0B8-4214-8290-11B8B114F043}.Debug|Any CPU.ActiveCfg = Debug|Any CPU
		{6581F992-C0B8-4214-8290-11B8B114F043}.Debug|Any CPU.Build.0 = Debug|Any CPU
		{6581F992-C0B8-4214-8290-11B8B114F043}.Release|Any CPU.ActiveCfg = Release|Any CPU
		{6581F992-C0B8-4214-8290-11B8B114F043}.Release|Any CPU.Build.0 = Release|Any CPU
		{E21A0CC3-DC1C-414E-8649-09C0D77A1F9A}.Debug|Any CPU.ActiveCfg = Debug|Any CPU
		{E21A0CC3-DC1C-414E-8649-09C0D77A1F9A}.Debug|Any CPU.Build.0 = Debug|Any CPU
		{E21A0CC3-DC1C-414E-8649-09C0D77A1F9A}.Release|Any CPU.ActiveCfg = Release|Any CPU
		{E21A0CC3-DC1C-414E-8649-09C0D77A1F9A}.Release|Any CPU.Build.0 = Release|Any CPU
		{E1B30EB4-7B34-4C79-83A8-6E17183E78B8}.Debug|Any CPU.ActiveCfg = Debug|Any CPU
		{E1B30EB4-7B34-4C79-83A8-6E17183E78B8}.Debug|Any CPU.Build.0 = Debug|Any CPU
		{E1B30EB4-7B34-4C79-83A8-6E17183E78B8}.Release|Any CPU.ActiveCfg = Release|Any CPU
		{E1B30EB4-7B34-4C79-83A8-6E17183E78B8}.Release|Any CPU.Build.0 = Release|Any CPU
		{0619FCF4-944B-4987-A494-169F1583180A}.Debug|Any CPU.ActiveCfg = Debug|Any CPU
		{0619FCF4-944B-4987-A494-169F1583180A}.Debug|Any CPU.Build.0 = Debug|Any CPU
		{0619FCF4-944B-4987-A494-169F1583180A}.Release|Any CPU.ActiveCfg = Release|Any CPU
		{0619FCF4-944B-4987-A494-169F1583180A}.Release|Any CPU.Build.0 = Release|Any CPU
	EndGlobalSection
	GlobalSection(NestedProjects) = preSolution
		{7B07A325-335D-4B77-9659-88C05FD3ED47} = {9E9980C9-561A-4404-8953-81F9E1A75CA6}
		{8D4E99F2-E73C-415F-AE76-19DB0D303721} = {7B07A325-335D-4B77-9659-88C05FD3ED47}
		{1076D34A-7535-4FC9-A44C-1E916A659ACA} = {A83C0B6C-2842-4F58-8AF4-F0370E53E1F0}
		{77EACBCB-73DC-4A6C-8D7D-9CCA18957DD0} = {1076D34A-7535-4FC9-A44C-1E916A659ACA}
		{BDB6778A-F8F6-4B50-BA77-A3015EB581B1} = {7B07A325-335D-4B77-9659-88C05FD3ED47}
		{182CE403-8711-41F4-ADF4-163E675F6A51} = {1076D34A-7535-4FC9-A44C-1E916A659ACA}
		{DE450DF8-A463-4107-8A3A-AF06E6DC189C} = {9E9980C9-561A-4404-8953-81F9E1A75CA6}
		{1523EAD2-A98C-400C-8222-CB7D9C8BE973} = {DE450DF8-A463-4107-8A3A-AF06E6DC189C}
		{9DF76550-37D7-4036-B501-0B78D594C51D} = {9E9980C9-561A-4404-8953-81F9E1A75CA6}
		{A848E437-78ED-4A72-BA62-D3906A9602E3} = {9DF76550-37D7-4036-B501-0B78D594C51D}
		{587E8C97-B2B1-4A45-A1C8-E18E67A0D8A3} = {A848E437-78ED-4A72-BA62-D3906A9602E3}
		{BC169898-C38D-4774-8272-B11E25AFDC88} = {A83C0B6C-2842-4F58-8AF4-F0370E53E1F0}
		{12A8A746-DD94-4CDE-B2D1-970B6FB73DA2} = {BC169898-C38D-4774-8272-B11E25AFDC88}
		{628908D1-BD84-4C44-8C66-489242214C6A} = {A848E437-78ED-4A72-BA62-D3906A9602E3}
		{EA37E987-EEA7-4B9B-9342-04CF302CC24F} = {A848E437-78ED-4A72-BA62-D3906A9602E3}
		{2E580858-3A1C-4940-AC6B-18C7DE042805} = {A848E437-78ED-4A72-BA62-D3906A9602E3}
		{2EE768BA-F37D-453B-8E67-CAA3098304BB} = {7B07A325-335D-4B77-9659-88C05FD3ED47}
		{A255F7C5-9239-45CC-AE65-758F7A175CDC} = {1076D34A-7535-4FC9-A44C-1E916A659ACA}
		{1F42D9FD-703B-43F3-908D-02206A4119D0} = {BC169898-C38D-4774-8272-B11E25AFDC88}
		{FFE9534B-1906-4D47-99E6-400054C27BD5} = {9DF76550-37D7-4036-B501-0B78D594C51D}
		{0052ABE0-9D78-4AA3-B79D-C3637C38B3B7} = {FFE9534B-1906-4D47-99E6-400054C27BD5}
		{48A7B8C8-5A8F-4B69-B98C-DC029F005C19} = {BC169898-C38D-4774-8272-B11E25AFDC88}
		{71894933-9B78-4023-8827-81A6867A810B} = {FFE9534B-1906-4D47-99E6-400054C27BD5}
		{1F9656A9-82F6-41F2-860F-E768EE2A29EB} = {FFE9534B-1906-4D47-99E6-400054C27BD5}
		{CCA07EA4-B9EB-4460-87C4-2EC15413DA85} = {FFE9534B-1906-4D47-99E6-400054C27BD5}
		{FF9EECB4-3D7B-446D-BEF7-8FAB57DDD5B2} = {9DF76550-37D7-4036-B501-0B78D594C51D}
		{EA8E3BBE-A63F-466D-908C-D14E44091583} = {FF9EECB4-3D7B-446D-BEF7-8FAB57DDD5B2}
		{D3C21A6D-374F-464A-ABC0-01E12C839848} = {BC169898-C38D-4774-8272-B11E25AFDC88}
		{1BE11631-7E47-4DA4-B53A-C9CD47DA929E} = {FF9EECB4-3D7B-446D-BEF7-8FAB57DDD5B2}
		{4E3114BC-7359-4B00-ACD7-341594823AC5} = {FF9EECB4-3D7B-446D-BEF7-8FAB57DDD5B2}
		{83A3C963-7810-49FE-B0ED-B8FBA3DDAD58} = {FF9EECB4-3D7B-446D-BEF7-8FAB57DDD5B2}
		{8504DC4A-940A-4261-9921-DA644939DC0A} = {7B07A325-335D-4B77-9659-88C05FD3ED47}
		{DF9EE711-51B1-4A9B-8FE7-991D689B6A08} = {1076D34A-7535-4FC9-A44C-1E916A659ACA}
		{B5DA1EFB-4953-4E4B-9BAC-2C89D58FB821} = {7B07A325-335D-4B77-9659-88C05FD3ED47}
		{3A9596FB-45E0-477C-B4FF-772E3DDB3736} = {1076D34A-7535-4FC9-A44C-1E916A659ACA}
		{30C7D3B4-9C83-4024-881A-64C20D8B766A} = {9DF76550-37D7-4036-B501-0B78D594C51D}
		{6581F992-C0B8-4214-8290-11B8B114F043} = {30C7D3B4-9C83-4024-881A-64C20D8B766A}
		{E21A0CC3-DC1C-414E-8649-09C0D77A1F9A} = {30C7D3B4-9C83-4024-881A-64C20D8B766A}
		{E1B30EB4-7B34-4C79-83A8-6E17183E78B8} = {30C7D3B4-9C83-4024-881A-64C20D8B766A}
		{0619FCF4-944B-4987-A494-169F1583180A} = {30C7D3B4-9C83-4024-881A-64C20D8B766A}
	EndGlobalSection
EndGlobal
